{
  "originHash" : "c4e9b620698ff007516ab05eadedcbfd4642921d63d2a86c5e6888838e991f4f",
  "pins" : [
    {
      "identity" : "http-client",
      "kind" : "remoteSourceControl",
      "location" : "https://github.com/zunda-pixel/http-client.git",
      "state" : {
        "revision" : "2a073b058e4c2ffc2810373ac98dc2eeb5974e5e",
        "version" : "0.3.1"
      }
    },
    {
      "identity" : "swift-algorithms",
      "kind" : "remoteSourceControl",
      "location" : "https://github.com/apple/swift-algorithms",
      "state" : {
        "revision" : "87e50f483c54e6efd60e885f7f5aa946cee68023",
        "version" : "1.2.1"
      }
    },
    {
      "identity" : "swift-asn1",
      "kind" : "remoteSourceControl",
      "location" : "https://github.com/apple/swift-asn1.git",
      "state" : {
        "revision" : "ae33e5941bb88d88538d0a6b19ca0b01e6c76dcf",
        "version" : "1.3.1"
      }
    },
    {
      "identity" : "swift-crypto",
      "kind" : "remoteSourceControl",
      "location" : "https://github.com/apple/swift-crypto",
      "state" : {
        "revision" : "6f70fa9eab24c1fd982af18c281c4525d05e3095",
        "version" : "4.2.0"
      }
    },
    {
      "identity" : "swift-currency",
      "kind" : "remoteSourceControl",
      "location" : "https://github.com/zunda-pixel/swift-currency",
      "state" : {
        "revision" : "476562c17ec5ed2d96794f13a24df86eb7bf96b5",
        "version" : "0.0.1"
      }
    },
    {
      "identity" : "swift-http-types",
      "kind" : "remoteSourceControl",
      "location" : "https://github.com/apple/swift-http-types.git",
      "state" : {
        "revision" : "45eb0224913ea070ec4fba17291b9e7ecf4749ca",
        "version" : "1.5.1"
      }
    },
    {
      "identity" : "swift-incits-4-1986",
      "kind" : "remoteSourceControl",
      "location" : "https://github.com/swift-standards/swift-incits-4-1986",
      "state" : {
        "revision" : "5e0ac8ce2e69663d690bc12993c9cebefffae613",
        "version" : "0.7.1"
      }
    },
    {
      "identity" : "swift-iso-3166",
      "kind" : "remoteSourceControl",
      "location" : "https://github.com/swift-standards/swift-iso-3166.git",
      "state" : {
        "revision" : "e521592a10e1bf549fce56c4a77b11b532bba1ce",
        "version" : "0.2.3"
      }
    },
    {
      "identity" : "swift-iso-639",
      "kind" : "remoteSourceControl",
      "location" : "https://github.com/swift-standards/swift-iso-639.git",
      "state" : {
        "revision" : "8e783ad8b09cfc289f1bc362a0e61af8b383038f",
        "version" : "0.2.3"
      }
    },
    {
      "identity" : "swift-memberwise-init-macro",
      "kind" : "remoteSourceControl",
      "location" : "https://github.com/gohanlon/swift-memberwise-init-macro.git",
      "state" : {
        "revision" : "47a2bdf45f1567e7324438f8482e362ee1c3fb44",
        "version" : "0.5.2"
      }
    },
    {
      "identity" : "swift-memory-allocation",
      "kind" : "remoteSourceControl",
      "location" : "https://github.com/coenttb/swift-memory-allocation",
      "state" : {
        "revision" : "afe7e86f16981007b841470d5ea79f0026868bc3",
        "version" : "0.2.0"
      }
    },
    {
      "identity" : "swift-numerics",
      "kind" : "remoteSourceControl",
      "location" : "https://github.com/apple/swift-numerics.git",
      "state" : {
        "revision" : "0a5bc04095a675662cf24757cc0640aa2204253b",
        "version" : "1.0.2"
      }
    },
    {
      "identity" : "swift-standards",
      "kind" : "remoteSourceControl",
      "location" : "https://github.com/swift-standards/swift-standards",
      "state" : {
        "revision" : "6586b6964aa0ea55944a7f6541ae7427f3cf98eb",
        "version" : "0.21.0"
      }
    },
    {
      "identity" : "swift-syntax",
      "kind" : "remoteSourceControl",
      "location" : "https://github.com/swiftlang/swift-syntax",
      "state" : {
        "revision" : "0687f71944021d616d34d922343dcef086855920",
        "version" : "600.0.1"
      }
    },
    {
      "identity" : "swift-testing-performance",
      "kind" : "remoteSourceControl",
      "location" : "https://github.com/coenttb/swift-testing-performance",
      "state" : {
        "revision" : "1a1967f7acfcb081e57122db463817c142cc7186",
        "version" : "0.3.1"
      }
    }
  ],
  "version" : 3
}
